// !$*UTF8*$!
{
	archiveVersion = 1;
	classes = {
	};
	objectVersion = 50;
	objects = {

/* Begin PBXBuildFile section */
		EA08F32D2490DFD4009B5680 /* AppDelegate.swift in Sources */ = {isa = PBXBuildFile; fileRef = EA08F32C2490DFD4009B5680 /* AppDelegate.swift */; };
		EA08F32F2490DFD4009B5680 /* SceneDelegate.swift in Sources */ = {isa = PBXBuildFile; fileRef = EA08F32E2490DFD4009B5680 /* SceneDelegate.swift */; };
		EA08F3312490DFD4009B5680 /* ViewController.swift in Sources */ = {isa = PBXBuildFile; fileRef = EA08F3302490DFD4009B5680 /* ViewController.swift */; };
		EA08F3342490DFD4009B5680 /* Main.storyboard in Resources */ = {isa = PBXBuildFile; fileRef = EA08F3322490DFD4009B5680 /* Main.storyboard */; };
		EA08F3362490DFD6009B5680 /* Assets.xcassets in Resources */ = {isa = PBXBuildFile; fileRef = EA08F3352490DFD6009B5680 /* Assets.xcassets */; };
		EA08F3392490DFD6009B5680 /* LaunchScreen.storyboard in Resources */ = {isa = PBXBuildFile; fileRef = EA08F3372490DFD6009B5680 /* LaunchScreen.storyboard */; };
		EA08F3432490E03D009B5680 /* SWRevealViewController.m in Sources */ = {isa = PBXBuildFile; fileRef = EA08F3422490E03D009B5680 /* SWRevealViewController.m */; };
/* End PBXBuildFile section */

/* Begin PBXFileReference section */
		EA08F3292490DFD4009B5680 /* revealViewController.app */ = {isa = PBXFileReference; explicitFileType = wrapper.application; includeInIndex = 0; path = revealViewController.app; sourceTree = BUILT_PRODUCTS_DIR; };
		EA08F32C2490DFD4009B5680 /* AppDelegate.swift */ = {isa = PBXFileReference; lastKnownFileType = sourcecode.swift; path = AppDelegate.swift; sourceTree = "<group>"; };
		EA08F32E2490DFD4009B5680 /* SceneDelegate.swift */ = {isa = PBXFileReference; lastKnownFileType = sourcecode.swift; path = SceneDelegate.swift; sourceTree = "<group>"; };
		EA08F3302490DFD4009B5680 /* ViewController.swift */ = {isa = PBXFileReference; lastKnownFileType = sourcecode.swift; path = ViewController.swift; sourceTree = "<group>"; };
		EA08F3332490DFD4009B5680 /* Base */ = {isa = PBXFileReference; lastKnownFileType = file.storyboard; name = Base; path = Base.lproj/Main.storyboard; sourceTree = "<group>"; };
		EA08F3352490DFD6009B5680 /* Assets.xcassets */ = {isa = PBXFileReference; lastKnownFileType = folder.assetcatalog; path = Assets.xcassets; sourceTree = "<group>"; };
		EA08F3382490DFD6009B5680 /* Base */ = {isa = PBXFileReference; lastKnownFileType = file.storyboard; name = Base; path = Base.lproj/LaunchScreen.storyboard; sourceTree = "<group>"; };
		EA08F33A2490DFD6009B5680 /* Info.plist */ = {isa = PBXFileReference; lastKnownFileType = text.plist.xml; path = Info.plist; sourceTree = "<group>"; };
		EA08F3402490E03C009B5680 /* revealViewController-Bridging-Header.h */ = {isa = PBXFileReference; lastKnownFileType = sourcecode.c.h; path = "revealViewController-Bridging-Header.h"; sourceTree = "<group>"; };
		EA08F3412490E03D009B5680 /* SWRevealViewController.h */ = {isa = PBXFileReference; fileEncoding = 4; lastKnownFileType = sourcecode.c.h; path = SWRevealViewController.h; sourceTree = "<group>"; };
		EA08F3422490E03D009B5680 /* SWRevealViewController.m */ = {isa = PBXFileReference; fileEncoding = 4; lastKnownFileType = sourcecode.c.objc; path = SWRevealViewController.m; sourceTree = "<group>"; };
/* End PBXFileReference section */

/* Begin PBXFrameworksBuildPhase section */
		EA08F3262490DFD4009B5680 /* Frameworks */ = {
			isa = PBXFrameworksBuildPhase;
			buildActionMask = 2147483647;
			files = (
			);
			runOnlyForDeploymentPostprocessing = 0;
		};
/* End PBXFrameworksBuildPhase section */

/* Begin PBXGroup section */
		EA08F3202490DFD4009B5680 = {
			isa = PBXGroup;
			children = (
				EA08F32B2490DFD4009B5680 /* revealViewController */,
				EA08F32A2490DFD4009B5680 /* Products */,
			);
			sourceTree = "<group>";
		};
		EA08F32A2490DFD4009B5680 /* Products */ = {
			isa = PBXGroup;
			children = (
				EA08F3292490DFD4009B5680 /* revealViewController.app */,
			);
			name = Products;
			sourceTree = "<group>";
		};
		EA08F32B2490DFD4009B5680 /* revealViewController */ = {
			isa = PBXGroup;
			children = (
				EA08F32C2490DFD4009B5680 /* AppDelegate.swift */,
				EA08F32E2490DFD4009B5680 /* SceneDelegate.swift */,
				EA08F3412490E03D009B5680 /* SWRevealViewController.h */,
				EA08F3422490E03D009B5680 /* SWRevealViewController.m */,
				EA08F3302490DFD4009B5680 /* ViewController.swift */,
				EA08F3322490DFD4009B5680 /* Main.storyboard */,
				EA08F3352490DFD6009B5680 /* Assets.xcassets */,
				EA08F3372490DFD6009B5680 /* LaunchScreen.storyboard */,
				EA08F33A2490DFD6009B5680 /* Info.plist */,
				EA08F3402490E03C009B5680 /* revealViewController-Bridging-Header.h */,
			);
			path = revealViewController;
			sourceTree = "<group>";
		};
/* End PBXGroup section */

/* Begin PBXNativeTarget section */
		EA08F3282490DFD4009B5680 /* revealViewController */ = {
			isa = PBXNativeTarget;
			buildConfigurationList = EA08F33D2490DFD6009B5680 /* Build configuration list for PBXNativeTarget "revealViewController" */;
			buildPhases = (
				EA08F3252490DFD4009B5680 /* Sources */,
				EA08F3262490DFD4009B5680 /* Frameworks */,
				EA08F3272490DFD4009B5680 /* Resources */,
			);
			buildRules = (
			);
			dependencies = (
			);
			name = revealViewController;
			productName = revealViewController;
			productReference = EA08F3292490DFD4009B5680 /* revealViewController.app */;
			productType = "com.apple.product-type.application";
		};
/* End PBXNativeTarget section */

/* Begin PBXProject section */
		EA08F3212490DFD4009B5680 /* Project object */ = {
			isa = PBXProject;
			attributes = {
				LastSwiftUpdateCheck = 1150;
				LastUpgradeCheck = 1150;
				ORGANIZATIONNAME = "권성우";
				TargetAttributes = {
					EA08F3282490DFD4009B5680 = {
						CreatedOnToolsVersion = 11.5;
						LastSwiftMigration = 1150;
					};
				};
			};
			buildConfigurationList = EA08F3242490DFD4009B5680 /* Build configuration list for PBXProject "revealViewController" */;
			compatibilityVersion = "Xcode 9.3";
			developmentRegion = en;
			hasScannedForEncodings = 0;
			knownRegions = (
				en,
				Base,
			);
			mainGroup = EA08F3202490DFD4009B5680;
			productRefGroup = EA08F32A2490DFD4009B5680 /* Products */;
			projectDirPath = "";
			projectRoot = "";
			targets = (
				EA08F3282490DFD4009B5680 /* revealViewController */,
			);
		};
/* End PBXProject section */

/* Begin PBXResourcesBuildPhase section */
		EA08F3272490DFD4009B5680 /* Resources */ = {
			isa = PBXResourcesBuildPhase;
			buildActionMask = 2147483647;
			files = (
				EA08F3392490DFD6009B5680 /* LaunchScreen.storyboard in Resources */,
				EA08F3362490DFD6009B5680 /* Assets.xcassets in Resources */,
				EA08F3342490DFD4009B5680 /* Main.storyboard in Resources */,
			);
			runOnlyForDeploymentPostprocessing = 0;
		};
/* End PBXResourcesBuildPhase section */

/* Begin PBXSourcesBuildPhase section */
		EA08F3252490DFD4009B5680 /* Sources */ = {
			isa = PBXSourcesBuildPhase;
			buildActionMask = 2147483647;
			files = (
				EA08F3312490DFD4009B5680 /* ViewController.swift in Sources */,
				EA08F32D2490DFD4009B5680 /* AppDelegate.swift in Sources */,
				EA08F32F2490DFD4009B5680 /* SceneDelegate.swift in Sources */,
				EA08F3432490E03D009B5680 /* SWRevealViewController.m in Sources */,
			);
			runOnlyForDeploymentPostprocessing = 0;
		};
/* End PBXSourcesBuildPhase section */

/* Begin PBXVariantGroup section */
		EA08F3322490DFD4009B5680 /* Main.storyboard */ = {
			isa = PBXVariantGroup;
			children = (
				EA08F3332490DFD4009B5680 /* Base */,
			);
			name = Main.storyboard;
			sourceTree = "<group>";
		};
		EA08F3372490DFD6009B5680 /* LaunchScreen.storyboard */ = {
			isa = PBXVariantGroup;
			children = (
				EA08F3382490DFD6009B5680 /* Base */,
			);
			name = LaunchScreen.storyboard;
			sourceTree = "<group>";
		};
/* End PBXVariantGroup section */

/* Begin XCBuildConfiguration section */
		EA08F33B2490DFD6009B5680 /* Debug */ = {
			isa = XCBuildConfiguration;
			buildSettings = {
				ALWAYS_SEARCH_USER_PATHS = NO;
				CLANG_ANALYZER_NONNULL = YES;
				CLANG_ANALYZER_NUMBER_OBJECT_CONVERSION = YES_AGGRESSIVE;
				CLANG_CXX_LANGUAGE_STANDARD = "gnu++14";
				CLANG_CXX_LIBRARY = "libc++";
				CLANG_ENABLE_MODULES = YES;
				CLANG_ENABLE_OBJC_ARC = YES;
				CLANG_ENABLE_OBJC_WEAK = YES;
				CLANG_WARN_BLOCK_CAPTURE_AUTORELEASING = YES;
				CLANG_WARN_BOOL_CONVERSION = YES;
				CLANG_WARN_COMMA = YES;
				CLANG_WARN_CONSTANT_CONVERSION = YES;
				CLANG_WARN_DEPRECATED_OBJC_IMPLEMENTATIONS = YES;
				CLANG_WARN_DIRECT_OBJC_ISA_USAGE = YES_ERROR;
				CLANG_WARN_DOCUMENTATION_COMMENTS = YES;
				CLANG_WARN_EMPTY_BODY = YES;
				CLANG_WARN_ENUM_CONVERSION = YES;
				CLANG_WARN_INFINITE_RECURSION = YES;
				CLANG_WARN_INT_CONVERSION = YES;
				CLANG_WARN_NON_LITERAL_NULL_CONVERSION = YES;
				CLANG_WARN_OBJC_IMPLICIT_RETAIN_SELF = YES;
				CLANG_WARN_OBJC_LITERAL_CONVERSION = YES;
				CLANG_WARN_OBJC_ROOT_CLASS = YES_ERROR;
				CLANG_WARN_RANGE_LOOP_ANALYSIS = YES;
				CLANG_WARN_STRICT_PROTOTYPES = YES;
				CLANG_WARN_SUSPICIOUS_MOVE = YES;
				CLANG_WARN_UNGUARDED_AVAILABILITY = YES_AGGRESSIVE;
				CLANG_WARN_UNREACHABLE_CODE = YES;
				CLANG_WARN__DUPLICATE_METHOD_MATCH = YES;
				COPY_PHASE_STRIP = NO;
				DEBUG_INFORMATION_FORMAT = dwarf;
				ENABLE_STRICT_OBJC_MSGSEND = YES;
				ENABLE_TESTABILITY = YES;
				GCC_C_LANGUAGE_STANDARD = gnu11;
				GCC_DYNAMIC_NO_PIC = NO;
				GCC_NO_COMMON_BLOCKS = YES;
				GCC_OPTIMIZATION_LEVEL = 0;
				GCC_PREPROCESSOR_DEFINITIONS = (
					"DEBUG=1",
					"$(inherited)",
				);
				GCC_WARN_64_TO_32_BIT_CONVERSION = YES;
				GCC_WARN_ABOUT_RETURN_TYPE = YES_ERROR;
				GCC_WARN_UNDECLARED_SELECTOR = YES;
				GCC_WARN_UNINITIALIZED_AUTOS = YES_AGGRESSIVE;
				GCC_WARN_UNUSED_FUNCTION = YES;
				GCC_WARN_UNUSED_VARIABLE = YES;
				IPHONEOS_DEPLOYMENT_TARGET = 13.5;
				MTL_ENABLE_DEBUG_INFO = INCLUDE_SOURCE;
				MTL_FAST_MATH = YES;
				ONLY_ACTIVE_ARCH = YES;
				SDKROOT = iphoneos;
				SWIFT_ACTIVE_COMPILATION_CONDITIONS = DEBUG;
				SWIFT_OPTIMIZATION_LEVEL = "-Onone";
			};
			name = Debug;
		};
		EA08F33C2490DFD6009B5680 /* Release */ = {
			isa = XCBuildConfiguration;
			buildSettings = {
				ALWAYS_SEARCH_USER_PATHS = NO;
				CLANG_ANALYZER_NONNULL = YES;
				CLANG_ANALYZER_NUMBER_OBJECT_CONVERSION = YES_AGGRESSIVE;
				CLANG_CXX_LANGUAGE_STANDARD = "gnu++14";
				CLANG_CXX_LIBRARY = "libc++";
				CLANG_ENABLE_MODULES = YES;
				CLANG_ENABLE_OBJC_ARC = YES;
				CLANG_ENABLE_OBJC_WEAK = YES;
				CLANG_WARN_BLOCK_CAPTURE_AUTORELEASING = YES;
				CLANG_WARN_BOOL_CONVERSION = YES;
				CLANG_WARN_COMMA = YES;
				CLANG_WARN_CONSTANT_CONVERSION = YES;
				CLANG_WARN_DEPRECATED_OBJC_IMPLEMENTATIONS = YES;
				CLANG_WARN_DIRECT_OBJC_ISA_USAGE = YES_ERROR;
				CLANG_WARN_DOCUMENTATION_COMMENTS = YES;
				CLANG_WARN_EMPTY_BODY = YES;
				CLANG_WARN_ENUM_CONVERSION = YES;
				CLANG_WARN_INFINITE_RECURSION = YES;
				CLANG_WARN_INT_CONVERSION = YES;
				CLANG_WARN_NON_LITERAL_NULL_CONVERSION = YES;
				CLANG_WARN_OBJC_IMPLICIT_RETAIN_SELF = YES;
				CLANG_WARN_OBJC_LITERAL_CONVERSION = YES;
				CLANG_WARN_OBJC_ROOT_CLASS = YES_ERROR;
				CLANG_WARN_RANGE_LOOP_ANALYSIS = YES;
				CLANG_WARN_STRICT_PROTOTYPES = YES;
				CLANG_WARN_SUSPICIOUS_MOVE = YES;
				CLANG_WARN_UNGUARDED_AVAILABILITY = YES_AGGRESSIVE;
				CLANG_WARN_UNREACHABLE_CODE = YES;
				CLANG_WARN__DUPLICATE_METHOD_MATCH = YES;
				COPY_PHASE_STRIP = NO;
				DEBUG_INFORMATION_FORMAT = "dwarf-with-dsym";
				ENABLE_NS_ASSERTIONS = NO;
				ENABLE_STRICT_OBJC_MSGSEND = YES;
				GCC_C_LANGUAGE_STANDARD = gnu11;
				GCC_NO_COMMON_BLOCKS = YES;
				GCC_WARN_64_TO_32_BIT_CONVERSION = YES;
				GCC_WARN_ABOUT_RETURN_TYPE = YES_ERROR;
				GCC_WARN_UNDECLARED_SELECTOR = YES;
				GCC_WARN_UNINITIALIZED_AUTOS = YES_AGGRESSIVE;
				GCC_WARN_UNUSED_FUNCTION = YES;
				GCC_WARN_UNUSED_VARIABLE = YES;
				IPHONEOS_DEPLOYMENT_TARGET = 13.5;
				MTL_ENABLE_DEBUG_INFO = NO;
				MTL_FAST_MATH = YES;
				SDKROOT = iphoneos;
				SWIFT_COMPILATION_MODE = wholemodule;
				SWIFT_OPTIMIZATION_LEVEL = "-O";
				VALIDATE_PRODUCT = YES;
			};
			name = Release;
		};
		EA08F33E2490DFD6009B5680 /* Debug */ = {
			isa = XCBuildConfiguration;
			buildSettings = {
				ASSETCATALOG_COMPILER_APPICON_NAME = AppIcon;
				CLANG_ENABLE_MODULES = YES;
				CODE_SIGN_STYLE = Automatic;
				DEVELOPMENT_TEAM = L2VUB7Y3L2;
				INFOPLIST_FILE = revealViewController/Info.plist;
				LD_RUNPATH_SEARCH_PATHS = (
					"$(inherited)",
					"@executable_path/Frameworks",
				);
				PRODUCT_BUNDLE_IDENTIFIER = KSW.revealViewController;
				PRODUCT_NAME = "$(TARGET_NAME)";
				SWIFT_OBJC_BRIDGING_HEADER = "revealViewController/revealViewController-Bridging-Header.h";
				SWIFT_OPTIMIZATION_LEVEL = "-Onone";
				SWIFT_VERSION = 5.0;
				TARGETED_DEVICE_FAMILY = "1,2";
			};
			name = Debug;
		};
		EA08F33F2490DFD6009B5680 /* Release */ = {
			isa = XCBuildConfiguration;
			buildSettings = {
				ASSETCATALOG_COMPILER_APPICON_NAME = AppIcon;
				CLANG_ENABLE_MODULES = YES;
				CODE_SIGN_STYLE = Automatic;
				DEVELOPMENT_TEAM = L2VUB7Y3L2;
				INFOPLIST_FILE = revealViewController/Info.plist;
				LD_RUNPATH_SEARCH_PATHS = (
					"$(inherited)",
					"@executable_path/Frameworks",
				);
				PRODUCT_BUNDLE_IDENTIFIER = KSW.revealViewController;
				PRODUCT_NAME = "$(TARGET_NAME)";
				SWIFT_OBJC_BRIDGING_HEADER = "revealViewController/revealViewController-Bridging-Header.h";
				SWIFT_VERSION = 5.0;
				TARGETED_DEVICE_FAMILY = "1,2";
			};
			name = Release;
		};
/* End XCBuildConfiguration section */

/* Begin XCConfigurationList section */
		EA08F3242490DFD4009B5680 /* Build configuration list for PBXProject "revealViewController" */ = {
			isa = XCConfigurationList;
			buildConfigurations = (
				EA08F33B2490DFD6009B5680 /* Debug */,
				EA08F33C2490DFD6009B5680 /* Release */,
			);
			defaultConfigurationIsVisible = 0;
			defaultConfigurationName = Release;
		};
		EA08F33D2490DFD6009B5680 /* Build configuration list for PBXNativeTarget "revealViewController" */ = {
			isa = XCConfigurationList;
			buildConfigurations = (
				EA08F33E2490DFD6009B5680 /* Debug */,
				EA08F33F2490DFD6009B5680 /* Release */,
			);
			defaultConfigurationIsVisible = 0;
			defaultConfigurationName = Release;
		};
/* End XCConfigurationList section */
	};
	rootObject = EA08F3212490DFD4009B5680 /* Project object */;
}
